
Microsoft Visual Studio Solution File, Format Version 12.00
Project("{2150E333-8FDC-42A3-9474-1A3956D46DE8}") = "src", "src", "{91C9B036-E4E8-4F8A-BF7B-24FFF8B001CC}"
EndProject
Project("{FAE04EC0-301F-11D3-BF4B-00C04F79EFBC}") = "FastWiki.Domain", "src\FastWiki.Domain\FastWiki.Domain.csproj", "{0E73D595-E492-4DC4-BFBE-D402FF3FBFFA}"
EndProject
Project("{FAE04EC0-301F-11D3-BF4B-00C04F79EFBC}") = "FastWiki.Domain.Shared", "src\FastWiki.Domain.Shared\FastWiki.Domain.Shared.csproj", "{3FDBE526-241A-46F6-A7BF-39E6555F3C9E}"
EndProject
Project("{FAE04EC0-301F-11D3-BF4B-00C04F79EFBC}") = "FastWiki.Application", "src\FastWiki.Application\FastWiki.Application.csproj", "{04A2E21D-AFCD-4A97-9496-4C78D9BB7C5E}"
EndProject
Project("{FAE04EC0-301F-11D3-BF4B-00C04F79EFBC}") = "FastWiki.Application.Contract", "src\FastWiki.Application.Contract\FastWiki.Application.Contract.csproj", "{B0E2F9BC-73E3-43A5-B790-DFF598B06196}"
EndProject
Project("{2150E333-8FDC-42A3-9474-1A3956D46DE8}") = "EFCore", "EFCore", "{3B65F02F-0188-46A2-A0B8-57F437268750}"
EndProject
Project("{FAE04EC0-301F-11D3-BF4B-00C04F79EFBC}") = "FastWiki.EntityFrameworkCore", "src\FastWiki.EntityFrameworkCore\FastWiki.EntityFrameworkCore.csproj", "{5AF18208-DE4F-44EC-A6C1-FD908472D47F}"
EndProject
Project("{FAE04EC0-301F-11D3-BF4B-00C04F79EFBC}") = "FastWiki.HttpApi.Host", "src\FastWiki.HttpApi.Host\FastWiki.HttpApi.Host.csproj", "{3F97238E-2AE8-406D-9EC2-9A002F968DE0}"
EndProject
Project("{2150E333-8FDC-42A3-9474-1A3956D46DE8}") = "framework", "framework", "{2D3C7EE1-B706-47C7-8DAF-B8705F76BBDB}"
EndProject
Project("{FAE04EC0-301F-11D3-BF4B-00C04F79EFBC}") = "FastWiki.Data", "src\FastWiki.Data\FastWiki.Data.csproj", "{F01F8CB5-D271-4B43-88ED-1D2770484A44}"
EndProject
Project("{FAE04EC0-301F-11D3-BF4B-00C04F79EFBC}") = "FastWiki.Core", "src\FastWiki.Core\FastWiki.Core.csproj", "{35CD52E6-CD37-4F09-A441-A78086239864}"
EndProject
Project("{FAE04EC0-301F-11D3-BF4B-00C04F79EFBC}") = "FastWiki.EntityFrameworkCore.Sqlite", "src\EFCore\FastWiki.EntityFrameworkCore.Sqlite\FastWiki.EntityFrameworkCore.Sqlite.csproj", "{C9AD2D2E-9231-4BF8-A5A7-363E95E38FAC}"
EndProject
Project("{FAE04EC0-301F-11D3-BF4B-00C04F79EFBC}") = "FastWiki.EntityFrameworkCore.PostgreSql", "src\EFCore\FastWiki.EntityFrameworkCore.PostgreSql\FastWiki.EntityFrameworkCore.PostgreSql.csproj", "{90D00138-0614-4B9A-B4EA-CDBD9E1D8CEE}"
EndProject
Project("{FAE04EC0-301F-11D3-BF4B-00C04F79EFBC}") = "FastWiki.EntityFrameworkCore.SqlServer", "src\EFCore\FastWiki.EntityFrameworkCore.SqlServer\FastWiki.EntityFrameworkCore.SqlServer.csproj", "{93B4335C-98C0-4F33-A3AA-E2348DB2808D}"
EndProject
Project("{FAE04EC0-301F-11D3-BF4B-00C04F79EFBC}") = "FastWiki.HttpApi", "src\FastWiki.HttpApi\FastWiki.HttpApi.csproj", "{D682DD2A-5E5F-448A-B5C0-612A4BCDB4D3}"
EndProject
Project("{FAE04EC0-301F-11D3-BF4B-00C04F79EFBC}") = "FastWiki.Jwt", "src\framework\FastWiki.Jwt\FastWiki.Jwt.csproj", "{72C93FC4-A354-431F-A657-54F7BC6A8E8F}"
EndProject
Global
	GlobalSection(SolutionConfigurationPlatforms) = preSolution
		Debug|Any CPU = Debug|Any CPU
		Release|Any CPU = Release|Any CPU
	EndGlobalSection
	GlobalSection(NestedProjects) = preSolution
		{0E73D595-E492-4DC4-BFBE-D402FF3FBFFA} = {91C9B036-E4E8-4F8A-BF7B-24FFF8B001CC}
		{3FDBE526-241A-46F6-A7BF-39E6555F3C9E} = {91C9B036-E4E8-4F8A-BF7B-24FFF8B001CC}
		{04A2E21D-AFCD-4A97-9496-4C78D9BB7C5E} = {91C9B036-E4E8-4F8A-BF7B-24FFF8B001CC}
		{B0E2F9BC-73E3-43A5-B790-DFF598B06196} = {91C9B036-E4E8-4F8A-BF7B-24FFF8B001CC}
		{3B65F02F-0188-46A2-A0B8-57F437268750} = {91C9B036-E4E8-4F8A-BF7B-24FFF8B001CC}
		{5AF18208-DE4F-44EC-A6C1-FD908472D47F} = {3B65F02F-0188-46A2-A0B8-57F437268750}
		{3F97238E-2AE8-406D-9EC2-9A002F968DE0} = {91C9B036-E4E8-4F8A-BF7B-24FFF8B001CC}
		{2D3C7EE1-B706-47C7-8DAF-B8705F76BBDB} = {91C9B036-E4E8-4F8A-BF7B-24FFF8B001CC}
		{F01F8CB5-D271-4B43-88ED-1D2770484A44} = {2D3C7EE1-B706-47C7-8DAF-B8705F76BBDB}
		{35CD52E6-CD37-4F09-A441-A78086239864} = {2D3C7EE1-B706-47C7-8DAF-B8705F76BBDB}
		{C9AD2D2E-9231-4BF8-A5A7-363E95E38FAC} = {3B65F02F-0188-46A2-A0B8-57F437268750}
		{90D00138-0614-4B9A-B4EA-CDBD9E1D8CEE} = {3B65F02F-0188-46A2-A0B8-57F437268750}
		{93B4335C-98C0-4F33-A3AA-E2348DB2808D} = {3B65F02F-0188-46A2-A0B8-57F437268750}
		{D682DD2A-5E5F-448A-B5C0-612A4BCDB4D3} = {91C9B036-E4E8-4F8A-BF7B-24FFF8B001CC}
		{72C93FC4-A354-431F-A657-54F7BC6A8E8F} = {2D3C7EE1-B706-47C7-8DAF-B8705F76BBDB}
	EndGlobalSection
	GlobalSection(ProjectConfigurationPlatforms) = postSolution
		{0E73D595-E492-4DC4-BFBE-D402FF3FBFFA}.Debug|Any CPU.ActiveCfg = Debug|Any CPU
		{0E73D595-E492-4DC4-BFBE-D402FF3FBFFA}.Debug|Any CPU.Build.0 = Debug|Any CPU
		{0E73D595-E492-4DC4-BFBE-D402FF3FBFFA}.Release|Any CPU.ActiveCfg = Release|Any CPU
		{0E73D595-E492-4DC4-BFBE-D402FF3FBFFA}.Release|Any CPU.Build.0 = Release|Any CPU
		{3FDBE526-241A-46F6-A7BF-39E6555F3C9E}.Debug|Any CPU.ActiveCfg = Debug|Any CPU
		{3FDBE526-241A-46F6-A7BF-39E6555F3C9E}.Debug|Any CPU.Build.0 = Debug|Any CPU
		{3FDBE526-241A-46F6-A7BF-39E6555F3C9E}.Release|Any CPU.ActiveCfg = Release|Any CPU
		{3FDBE526-241A-46F6-A7BF-39E6555F3C9E}.Release|Any CPU.Build.0 = Release|Any CPU
		{04A2E21D-AFCD-4A97-9496-4C78D9BB7C5E}.Debug|Any CPU.ActiveCfg = Debug|Any CPU
		{04A2E21D-AFCD-4A97-9496-4C78D9BB7C5E}.Debug|Any CPU.Build.0 = Debug|Any CPU
		{04A2E21D-AFCD-4A97-9496-4C78D9BB7C5E}.Release|Any CPU.ActiveCfg = Release|Any CPU
		{04A2E21D-AFCD-4A97-9496-4C78D9BB7C5E}.Release|Any CPU.Build.0 = Release|Any CPU
		{B0E2F9BC-73E3-43A5-B790-DFF598B06196}.Debug|Any CPU.ActiveCfg = Debug|Any CPU
		{B0E2F9BC-73E3-43A5-B790-DFF598B06196}.Debug|Any CPU.Build.0 = Debug|Any CPU
		{B0E2F9BC-73E3-43A5-B790-DFF598B06196}.Release|Any CPU.ActiveCfg = Release|Any CPU
		{B0E2F9BC-73E3-43A5-B790-DFF598B06196}.Release|Any CPU.Build.0 = Release|Any CPU
		{5AF18208-DE4F-44EC-A6C1-FD908472D47F}.Debug|Any CPU.ActiveCfg = Debug|Any CPU
		{5AF18208-DE4F-44EC-A6C1-FD908472D47F}.Debug|Any CPU.Build.0 = Debug|Any CPU
		{5AF18208-DE4F-44EC-A6C1-FD908472D47F}.Release|Any CPU.ActiveCfg = Release|Any CPU
		{5AF18208-DE4F-44EC-A6C1-FD908472D47F}.Release|Any CPU.Build.0 = Release|Any CPU
		{3F97238E-2AE8-406D-9EC2-9A002F968DE0}.Debug|Any CPU.ActiveCfg = Debug|Any CPU
		{3F97238E-2AE8-406D-9EC2-9A002F968DE0}.Debug|Any CPU.Build.0 = Debug|Any CPU
		{3F97238E-2AE8-406D-9EC2-9A002F968DE0}.Release|Any CPU.ActiveCfg = Release|Any CPU
		{3F97238E-2AE8-406D-9EC2-9A002F968DE0}.Release|Any CPU.Build.0 = Release|Any CPU
		{F01F8CB5-D271-4B43-88ED-1D2770484A44}.Debug|Any CPU.ActiveCfg = Debug|Any CPU
		{F01F8CB5-D271-4B43-88ED-1D2770484A44}.Debug|Any CPU.Build.0 = Debug|Any CPU
		{F01F8CB5-D271-4B43-88ED-1D2770484A44}.Release|Any CPU.ActiveCfg = Release|Any CPU
		{F01F8CB5-D271-4B43-88ED-1D2770484A44}.Release|Any CPU.Build.0 = Release|Any CPU
		{35CD52E6-CD37-4F09-A441-A78086239864}.Debug|Any CPU.ActiveCfg = Debug|Any CPU
		{35CD52E6-CD37-4F09-A441-A78086239864}.Debug|Any CPU.Build.0 = Debug|Any CPU
		{35CD52E6-CD37-4F09-A441-A78086239864}.Release|Any CPU.ActiveCfg = Release|Any CPU
		{35CD52E6-CD37-4F09-A441-A78086239864}.Release|Any CPU.Build.0 = Release|Any CPU
		{C9AD2D2E-9231-4BF8-A5A7-363E95E38FAC}.Debug|Any CPU.ActiveCfg = Debug|Any CPU
		{C9AD2D2E-9231-4BF8-A5A7-363E95E38FAC}.Debug|Any CPU.Build.0 = Debug|Any CPU
		{C9AD2D2E-9231-4BF8-A5A7-363E95E38FAC}.Release|Any CPU.ActiveCfg = Release|Any CPU
		{C9AD2D2E-9231-4BF8-A5A7-363E95E38FAC}.Release|Any CPU.Build.0 = Release|Any CPU
		{90D00138-0614-4B9A-B4EA-CDBD9E1D8CEE}.Debug|Any CPU.ActiveCfg = Debug|Any CPU
		{90D00138-0614-4B9A-B4EA-CDBD9E1D8CEE}.Debug|Any CPU.Build.0 = Debug|Any CPU
		{90D00138-0614-4B9A-B4EA-CDBD9E1D8CEE}.Release|Any CPU.ActiveCfg = Release|Any CPU
		{90D00138-0614-4B9A-B4EA-CDBD9E1D8CEE}.Release|Any CPU.Build.0 = Release|Any CPU
		{93B4335C-98C0-4F33-A3AA-E2348DB2808D}.Debug|Any CPU.ActiveCfg = Debug|Any CPU
		{93B4335C-98C0-4F33-A3AA-E2348DB2808D}.Debug|Any CPU.Build.0 = Debug|Any CPU
		{93B4335C-98C0-4F33-A3AA-E2348DB2808D}.Release|Any CPU.ActiveCfg = Release|Any CPU
		{93B4335C-98C0-4F33-A3AA-E2348DB2808D}.Release|Any CPU.Build.0 = Release|Any CPU
		{D682DD2A-5E5F-448A-B5C0-612A4BCDB4D3}.Debug|Any CPU.ActiveCfg = Debug|Any CPU
		{D682DD2A-5E5F-448A-B5C0-612A4BCDB4D3}.Debug|Any CPU.Build.0 = Debug|Any CPU
		{D682DD2A-5E5F-448A-B5C0-612A4BCDB4D3}.Release|Any CPU.ActiveCfg = Release|Any CPU
		{D682DD2A-5E5F-448A-B5C0-612A4BCDB4D3}.Release|Any CPU.Build.0 = Release|Any CPU
		{72C93FC4-A354-431F-A657-54F7BC6A8E8F}.Debug|Any CPU.ActiveCfg = Debug|Any CPU
		{72C93FC4-A354-431F-A657-54F7BC6A8E8F}.Debug|Any CPU.Build.0 = Debug|Any CPU
		{72C93FC4-A354-431F-A657-54F7BC6A8E8F}.Release|Any CPU.ActiveCfg = Release|Any CPU
		{72C93FC4-A354-431F-A657-54F7BC6A8E8F}.Release|Any CPU.Build.0 = Release|Any CPU
	EndGlobalSection
EndGlobal
